
Microsoft Visual Studio Solution File, Format Version 12.00
# Visual Studio Version 16
VisualStudioVersion = 16.0.29709.97
MinimumVisualStudioVersion = 10.0.40219.1
Project("{FAE04EC0-301F-11D3-BF4B-00C04F79EFBC}") = "Dranken2", "Dranken2\Dranken2.csproj", "{99E810C6-BE95-4873-9546-7C059106F1DF}"
EndProject
Global
	GlobalSection(SolutionConfigurationPlatforms) = preSolution
		Debug|Any CPU = Debug|Any CPU
		Release|Any CPU = Release|Any CPU
	EndGlobalSection
	GlobalSection(ProjectConfigurationPlatforms) = postSolution
		{99E810C6-BE95-4873-9546-7C059106F1DF}.Debug|Any CPU.ActiveCfg = Debug|Any CPU
		{99E810C6-BE95-4873-9546-7C059106F1DF}.Debug|Any CPU.Build.0 = Debug|Any CPU
		{99E810C6-BE95-4873-9546-7C059106F1DF}.Release|Any CPU.ActiveCfg = Release|Any CPU
		{99E810C6-BE95-4873-9546-7C059106F1DF}.Release|Any CPU.Build.0 = Release|Any CPU
	EndGlobalSection
	GlobalSection(SolutionProperties) = preSolution
		HideSolutionNode = FALSE
	EndGlobalSection
	GlobalSection(ExtensibilityGlobals) = postSolution
		SolutionGuid = {E40A079C-BA26-4FD6-8D20-6A1224DAB4F4}
	EndGlobalSection
EndGlobal
